
Microsoft Visual Studio Solution File, Format Version 12.00
# Visual Studio 15
VisualStudioVersion = 15.0.26730.15
MinimumVisualStudioVersion = 10.0.40219.1
Project("{FAE04EC0-301F-11D3-BF4B-00C04F79EFBC}") = "ConsoleApp20", "ConsoleApp20\ConsoleApp20.csproj", "{A26ABE43-CB4A-4F56-A140-3852EC8C22FC}"
EndProject
Global
	GlobalSection(SolutionConfigurationPlatforms) = preSolution
		Debug|Any CPU = Debug|Any CPU
		Release|Any CPU = Release|Any CPU
	EndGlobalSection
	GlobalSection(ProjectConfigurationPlatforms) = postSolution
		{A26ABE43-CB4A-4F56-A140-3852EC8C22FC}.Debug|Any CPU.ActiveCfg = Debug|Any CPU
		{A26ABE43-CB4A-4F56-A140-3852EC8C22FC}.Debug|Any CPU.Build.0 = Debug|Any CPU
		{A26ABE43-CB4A-4F56-A140-3852EC8C22FC}.Release|Any CPU.ActiveCfg = Release|Any CPU
		{A26ABE43-CB4A-4F56-A140-3852EC8C22FC}.Release|Any CPU.Build.0 = Release|Any CPU
	EndGlobalSection
	GlobalSection(SolutionProperties) = preSolution
		HideSolutionNode = FALSE
	EndGlobalSection
	GlobalSection(ExtensibilityGlobals) = postSolution
		SolutionGuid = {25AFE431-8D8D-4451-B009-FD33B32DD41B}
	EndGlobalSection
EndGlobal
